
Microsoft Visual Studio Solution File, Format Version 12.00
# Visual Studio Version 17
VisualStudioVersion = 17.13.35806.99 d17.13
MinimumVisualStudioVersion = 10.0.40219.1
Project("{F184B08F-C81C-45F6-A57F-5ABD9991F28F}") = "BingoGame", "BingoGame\BingoGame.vbproj", "{1696C3C7-C19D-457E-8068-F50AF49C4848}"
EndProject
Global
	GlobalSection(SolutionConfigurationPlatforms) = preSolution
		Debug|Any CPU = Debug|Any CPU
		Release|Any CPU = Release|Any CPU
	EndGlobalSection
	GlobalSection(ProjectConfigurationPlatforms) = postSolution
		{1696C3C7-C19D-457E-8068-F50AF49C4848}.Debug|Any CPU.ActiveCfg = Debug|Any CPU
		{1696C3C7-C19D-457E-8068-F50AF49C4848}.Debug|Any CPU.Build.0 = Debug|Any CPU
		{1696C3C7-C19D-457E-8068-F50AF49C4848}.Release|Any CPU.ActiveCfg = Release|Any CPU
		{1696C3C7-C19D-457E-8068-F50AF49C4848}.Release|Any CPU.Build.0 = Release|Any CPU
	EndGlobalSection
	GlobalSection(SolutionProperties) = preSolution
		HideSolutionNode = FALSE
	EndGlobalSection
	GlobalSection(ExtensibilityGlobals) = postSolution
		SolutionGuid = {95937E04-A290-4BBF-B6CC-A4EFDA6FE8F3}
	EndGlobalSection
EndGlobal
